
Microsoft Visual Studio Solution File, Format Version 12.00
# Visual Studio Version 17
VisualStudioVersion = 17.6.33815.320
MinimumVisualStudioVersion = 10.0.40219.1
Project("{9A19103F-16F7-4668-BE54-9A1E7A4F7556}") = "WPF_Python", "WPF_Python\WPF_Python.csproj", "{9CE03E39-5A11-41C8-BC83-DF586280EACC}"
EndProject
Project("{FAE04EC0-301F-11D3-BF4B-00C04F79EFBC}") = "_1_TheBasics", "_1_TheBasics\_1_TheBasics.csproj", "{45257DF4-7AF9-4A2B-905B-7213F2F7EC8F}"
EndProject
Project("{FAE04EC0-301F-11D3-BF4B-00C04F79EFBC}") = "_2_TreeViewsAndValueConverters", "_2_TreeViewsAndValueConverters\_2_TreeViewsAndValueConverters.csproj", "{F91E0409-EFB7-4C05-AF7E-5C58DE1DA954}"
EndProject
Project("{FAE04EC0-301F-11D3-BF4B-00C04F79EFBC}") = "_3_TreeViewsSimpleViewModel", "_3_TreeViewsSimpleViewModel\_3_TreeViewsSimpleViewModel.csproj", "{051726E1-23EA-420D-8BD8-6151C3BD88CA}"
EndProject
Project("{FAE04EC0-301F-11D3-BF4B-00C04F79EFBC}") = "SimpleMVVM", "SimpleMVVM\SimpleMVVM.csproj", "{4E7F4699-14C8-4120-9DBD-50858B51D92D}"
EndProject
Global
	GlobalSection(SolutionConfigurationPlatforms) = preSolution
		Debug|Any CPU = Debug|Any CPU
		Release|Any CPU = Release|Any CPU
	EndGlobalSection
	GlobalSection(ProjectConfigurationPlatforms) = postSolution
		{9CE03E39-5A11-41C8-BC83-DF586280EACC}.Debug|Any CPU.ActiveCfg = Debug|Any CPU
		{9CE03E39-5A11-41C8-BC83-DF586280EACC}.Debug|Any CPU.Build.0 = Debug|Any CPU
		{9CE03E39-5A11-41C8-BC83-DF586280EACC}.Release|Any CPU.ActiveCfg = Release|Any CPU
		{9CE03E39-5A11-41C8-BC83-DF586280EACC}.Release|Any CPU.Build.0 = Release|Any CPU
		{45257DF4-7AF9-4A2B-905B-7213F2F7EC8F}.Debug|Any CPU.ActiveCfg = Debug|Any CPU
		{45257DF4-7AF9-4A2B-905B-7213F2F7EC8F}.Debug|Any CPU.Build.0 = Debug|Any CPU
		{45257DF4-7AF9-4A2B-905B-7213F2F7EC8F}.Release|Any CPU.ActiveCfg = Release|Any CPU
		{45257DF4-7AF9-4A2B-905B-7213F2F7EC8F}.Release|Any CPU.Build.0 = Release|Any CPU
		{F91E0409-EFB7-4C05-AF7E-5C58DE1DA954}.Debug|Any CPU.ActiveCfg = Debug|Any CPU
		{F91E0409-EFB7-4C05-AF7E-5C58DE1DA954}.Debug|Any CPU.Build.0 = Debug|Any CPU
		{F91E0409-EFB7-4C05-AF7E-5C58DE1DA954}.Release|Any CPU.ActiveCfg = Release|Any CPU
		{F91E0409-EFB7-4C05-AF7E-5C58DE1DA954}.Release|Any CPU.Build.0 = Release|Any CPU
		{051726E1-23EA-420D-8BD8-6151C3BD88CA}.Debug|Any CPU.ActiveCfg = Debug|Any CPU
		{051726E1-23EA-420D-8BD8-6151C3BD88CA}.Debug|Any CPU.Build.0 = Debug|Any CPU
		{051726E1-23EA-420D-8BD8-6151C3BD88CA}.Release|Any CPU.ActiveCfg = Release|Any CPU
		{051726E1-23EA-420D-8BD8-6151C3BD88CA}.Release|Any CPU.Build.0 = Release|Any CPU
		{4E7F4699-14C8-4120-9DBD-50858B51D92D}.Debug|Any CPU.ActiveCfg = Debug|Any CPU
		{4E7F4699-14C8-4120-9DBD-50858B51D92D}.Debug|Any CPU.Build.0 = Debug|Any CPU
		{4E7F4699-14C8-4120-9DBD-50858B51D92D}.Release|Any CPU.ActiveCfg = Release|Any CPU
		{4E7F4699-14C8-4120-9DBD-50858B51D92D}.Release|Any CPU.Build.0 = Release|Any CPU
	EndGlobalSection
	GlobalSection(SolutionProperties) = preSolution
		HideSolutionNode = FALSE
	EndGlobalSection
	GlobalSection(ExtensibilityGlobals) = postSolution
		SolutionGuid = {7D8083CC-063E-4F77-867C-A11C3FA3E531}
	EndGlobalSection
EndGlobal
